# This file is autogenerated, do not edit; changes may be undone by the next 'dep ensure'.


[[projects]]
  name = "github.com/peterhellberg/link"
  packages = ["."]
  revision = "d1cebc7ea14a5fc0de7cb4a45acae773161642c6"
  version = "v1.0.0"

[[projects]]
  branch = "v1"
  name = "gopkg.in/jarcoal/httpmock.v1"
  packages = ["."]
  revision = "cf52904a3cf0f78f199ecade6a6df8e245d5b25a"

[solve-meta]
  analyzer-name = "dep"
  analyzer-version = 1
  inputs-digest = "72338d491f618137421b8e9250440253b49cf5305c23f8947d4c7c50235e3370"
  solver-name = "gps-cdcl"
  solver-version = 1
